
Microsoft Visual Studio Solution File, Format Version 12.00
# Visual Studio Version 17
VisualStudioVersion = 17.12.35527.113
MinimumVisualStudioVersion = 10.0.40219.1
Project("{FAE04EC0-301F-11D3-BF4B-00C04F79EFBC}") = "Fibonacci.Calculator", "Fibonacci.Calculator\Fibonacci.Calculator.csproj", "{18341807-DD90-467E-B196-9738F56C16F2}"
EndProject
Project("{FAE04EC0-301F-11D3-BF4B-00C04F79EFBC}") = "FibonacciBFF", "FibonacciBFF\FibonacciBFF.csproj", "{70282D1F-027E-4176-B8E2-E88550241493}"
EndProject
Project("{FAE04EC0-301F-11D3-BF4B-00C04F79EFBC}") = "FactorialCalculator", "FactorialCalculator\FactorialCalculator.csproj", "{4FE6A4B4-338F-4CFB-9E53-C96D709594AE}"
EndProject
Global
	GlobalSection(SolutionConfigurationPlatforms) = preSolution
		Debug|Any CPU = Debug|Any CPU
		Release|Any CPU = Release|Any CPU
	EndGlobalSection
	GlobalSection(ProjectConfigurationPlatforms) = postSolution
		{18341807-DD90-467E-B196-9738F56C16F2}.Debug|Any CPU.ActiveCfg = Debug|Any CPU
		{18341807-DD90-467E-B196-9738F56C16F2}.Debug|Any CPU.Build.0 = Debug|Any CPU
		{18341807-DD90-467E-B196-9738F56C16F2}.Release|Any CPU.ActiveCfg = Release|Any CPU
		{18341807-DD90-467E-B196-9738F56C16F2}.Release|Any CPU.Build.0 = Release|Any CPU
		{70282D1F-027E-4176-B8E2-E88550241493}.Debug|Any CPU.ActiveCfg = Debug|Any CPU
		{70282D1F-027E-4176-B8E2-E88550241493}.Debug|Any CPU.Build.0 = Debug|Any CPU
		{70282D1F-027E-4176-B8E2-E88550241493}.Release|Any CPU.ActiveCfg = Release|Any CPU
		{70282D1F-027E-4176-B8E2-E88550241493}.Release|Any CPU.Build.0 = Release|Any CPU
		{4FE6A4B4-338F-4CFB-9E53-C96D709594AE}.Debug|Any CPU.ActiveCfg = Debug|Any CPU
		{4FE6A4B4-338F-4CFB-9E53-C96D709594AE}.Debug|Any CPU.Build.0 = Debug|Any CPU
		{4FE6A4B4-338F-4CFB-9E53-C96D709594AE}.Release|Any CPU.ActiveCfg = Release|Any CPU
		{4FE6A4B4-338F-4CFB-9E53-C96D709594AE}.Release|Any CPU.Build.0 = Release|Any CPU
	EndGlobalSection
	GlobalSection(SolutionProperties) = preSolution
		HideSolutionNode = FALSE
	EndGlobalSection
EndGlobal
